{
    "_meta": {
        "hash": {
            "sha256": "31ef4c1ab1c3801b92e2d6a56cef376641c756238477ecfc4b25ed3678fc6ed6"
        },
        "pipfile-spec": 6,
        "requires": {
            "python_version": "3.6"
        },
        "sources": [
            {
                "name": "pypi",
                "url": "https://pypi.org/simple",
                "verify_ssl": true
            }
        ]
    },
    "default": {
        "youtube-dl": {
            "hashes": [
                "sha256:e7106fa6d8429eb31be6243e16d87f48ee42d924d70f803493d9f721e5275e71"
            ],
            "index": "pypi",
            "version": "==2018.11.23"
        }
    },
    "develop": {}
}
